
Microsoft Visual Studio Solution File, Format Version 12.00
# Visual Studio Version 16
VisualStudioVersion = 16.0.31424.327
MinimumVisualStudioVersion = 10.0.40219.1
Project("{9A19103F-16F7-4668-BE54-9A1E7A4F7556}") = "ProductsStoreAPI", "ProductsStoreAPI.csproj", "{889FE50D-CD1D-42FE-92A5-ECD4058EB1EA}"
EndProject
Project("{9A19103F-16F7-4668-BE54-9A1E7A4F7556}") = "ProductsStoreAPI.Data", "..\Domain\ProductsStoreAPI.Data.csproj", "{F56BB4A8-BDA9-42E2-906D-D3F25C12DDC5}"
EndProject
Project("{FAE04EC0-301F-11D3-BF4B-00C04F79EFBC}") = "ProductsStoreAPI.Service", "..\ProductsStoreAPI.Service\ProductsStoreAPI.Service.csproj", "{8518768C-3594-4AEB-BFAF-148C73AB232F}"
EndProject
Project("{FAE04EC0-301F-11D3-BF4B-00C04F79EFBC}") = "ProductsStoreAPI.Repo", "..\ProductsStoreAPI.Repo\ProductsStoreAPI.Repo.csproj", "{18A76077-E56D-43DA-AAA8-11B8AE65345F}"
EndProject
Project("{FAE04EC0-301F-11D3-BF4B-00C04F79EFBC}") = "ProductsStoreAPI.Core", "..\ProductsStoreAPI.Core\ProductsStoreAPI.Core.csproj", "{68F19DDF-B685-4BC0-8288-34502875F0A1}"
EndProject
Global
	GlobalSection(SolutionConfigurationPlatforms) = preSolution
		Debug|Any CPU = Debug|Any CPU
		Release|Any CPU = Release|Any CPU
	EndGlobalSection
	GlobalSection(ProjectConfigurationPlatforms) = postSolution
		{889FE50D-CD1D-42FE-92A5-ECD4058EB1EA}.Debug|Any CPU.ActiveCfg = Debug|Any CPU
		{889FE50D-CD1D-42FE-92A5-ECD4058EB1EA}.Debug|Any CPU.Build.0 = Debug|Any CPU
		{889FE50D-CD1D-42FE-92A5-ECD4058EB1EA}.Release|Any CPU.ActiveCfg = Release|Any CPU
		{889FE50D-CD1D-42FE-92A5-ECD4058EB1EA}.Release|Any CPU.Build.0 = Release|Any CPU
		{F56BB4A8-BDA9-42E2-906D-D3F25C12DDC5}.Debug|Any CPU.ActiveCfg = Debug|Any CPU
		{F56BB4A8-BDA9-42E2-906D-D3F25C12DDC5}.Debug|Any CPU.Build.0 = Debug|Any CPU
		{F56BB4A8-BDA9-42E2-906D-D3F25C12DDC5}.Release|Any CPU.ActiveCfg = Release|Any CPU
		{F56BB4A8-BDA9-42E2-906D-D3F25C12DDC5}.Release|Any CPU.Build.0 = Release|Any CPU
		{8518768C-3594-4AEB-BFAF-148C73AB232F}.Debug|Any CPU.ActiveCfg = Debug|Any CPU
		{8518768C-3594-4AEB-BFAF-148C73AB232F}.Debug|Any CPU.Build.0 = Debug|Any CPU
		{8518768C-3594-4AEB-BFAF-148C73AB232F}.Release|Any CPU.ActiveCfg = Release|Any CPU
		{8518768C-3594-4AEB-BFAF-148C73AB232F}.Release|Any CPU.Build.0 = Release|Any CPU
		{18A76077-E56D-43DA-AAA8-11B8AE65345F}.Debug|Any CPU.ActiveCfg = Debug|Any CPU
		{18A76077-E56D-43DA-AAA8-11B8AE65345F}.Debug|Any CPU.Build.0 = Debug|Any CPU
		{18A76077-E56D-43DA-AAA8-11B8AE65345F}.Release|Any CPU.ActiveCfg = Release|Any CPU
		{18A76077-E56D-43DA-AAA8-11B8AE65345F}.Release|Any CPU.Build.0 = Release|Any CPU
		{68F19DDF-B685-4BC0-8288-34502875F0A1}.Debug|Any CPU.ActiveCfg = Debug|Any CPU
		{68F19DDF-B685-4BC0-8288-34502875F0A1}.Debug|Any CPU.Build.0 = Debug|Any CPU
		{68F19DDF-B685-4BC0-8288-34502875F0A1}.Release|Any CPU.ActiveCfg = Release|Any CPU
		{68F19DDF-B685-4BC0-8288-34502875F0A1}.Release|Any CPU.Build.0 = Release|Any CPU
	EndGlobalSection
	GlobalSection(SolutionProperties) = preSolution
		HideSolutionNode = FALSE
	EndGlobalSection
	GlobalSection(ExtensibilityGlobals) = postSolution
		SolutionGuid = {81801BB6-9661-45B1-8FD1-E58F5D225BBB}
	EndGlobalSection
EndGlobal
